// !$*UTF8*$!
{
	archiveVersion = 1;
	classes = {
	};
	objectVersion = 77;
	objects = {

/* Begin PBXBuildFile section */
		295159763E2111B0655B5E5B /* Pods_CarrotLoginClone.framework in Frameworks */ = {isa = PBXBuildFile; fileRef = B3E4A0F16308F44B1DF9986C /* Pods_CarrotLoginClone.framework */; };
		373BD1B2829716E98EA9BF38 /* Pods_CarrotLoginClone_CarrotLoginCloneUITests.framework in Frameworks */ = {isa = PBXBuildFile; fileRef = EA9AB1E88CDFF34C05EEA5EE /* Pods_CarrotLoginClone_CarrotLoginCloneUITests.framework */; };
		782BB8A3B1ABDBB795C20432 /* Pods_CarrotLoginCloneTests.framework in Frameworks */ = {isa = PBXBuildFile; fileRef = 03B0AD73FF74BB44B92BF079 /* Pods_CarrotLoginCloneTests.framework */; };
/* End PBXBuildFile section */

/* Begin PBXContainerItemProxy section */
		DD392E1C2DC23D9D0023EBA0 /* PBXContainerItemProxy */ = {
			isa = PBXContainerItemProxy;
			containerPortal = DD392DFD2DC23D9B0023EBA0 /* Project object */;
			proxyType = 1;
			remoteGlobalIDString = DD392E042DC23D9B0023EBA0;
			remoteInfo = CarrotLoginClone;
		};
		DD392E262DC23D9E0023EBA0 /* PBXContainerItemProxy */ = {
			isa = PBXContainerItemProxy;
			containerPortal = DD392DFD2DC23D9B0023EBA0 /* Project object */;
			proxyType = 1;
			remoteGlobalIDString = DD392E042DC23D9B0023EBA0;
			remoteInfo = CarrotLoginClone;
		};
/* End PBXContainerItemProxy section */

/* Begin PBXFileReference section */
		03B0AD73FF74BB44B92BF079 /* Pods_CarrotLoginCloneTests.framework */ = {isa = PBXFileReference; explicitFileType = wrapper.framework; includeInIndex = 0; path = Pods_CarrotLoginCloneTests.framework; sourceTree = BUILT_PRODUCTS_DIR; };
		139067AA1A6796930C9C28BB /* Pods-CarrotLoginClone.debug.xcconfig */ = {isa = PBXFileReference; includeInIndex = 1; lastKnownFileType = text.xcconfig; name = "Pods-CarrotLoginClone.debug.xcconfig"; path = "Target Support Files/Pods-CarrotLoginClone/Pods-CarrotLoginClone.debug.xcconfig"; sourceTree = "<group>"; };
		32868E87F01CD8F0D6B25BE8 /* Pods-CarrotLoginClone-CarrotLoginCloneUITests.release.xcconfig */ = {isa = PBXFileReference; includeInIndex = 1; lastKnownFileType = text.xcconfig; name = "Pods-CarrotLoginClone-CarrotLoginCloneUITests.release.xcconfig"; path = "Target Support Files/Pods-CarrotLoginClone-CarrotLoginCloneUITests/Pods-CarrotLoginClone-CarrotLoginCloneUITests.release.xcconfig"; sourceTree = "<group>"; };
		4C94EA1DB426547F2D111064 /* Pods-CarrotLoginCloneTests.release.xcconfig */ = {isa = PBXFileReference; includeInIndex = 1; lastKnownFileType = text.xcconfig; name = "Pods-CarrotLoginCloneTests.release.xcconfig"; path = "Target Support Files/Pods-CarrotLoginCloneTests/Pods-CarrotLoginCloneTests.release.xcconfig"; sourceTree = "<group>"; };
		A5E52F6860BFA359F176D8CB /* Pods-CarrotLoginCloneTests.debug.xcconfig */ = {isa = PBXFileReference; includeInIndex = 1; lastKnownFileType = text.xcconfig; name = "Pods-CarrotLoginCloneTests.debug.xcconfig"; path = "Target Support Files/Pods-CarrotLoginCloneTests/Pods-CarrotLoginCloneTests.debug.xcconfig"; sourceTree = "<group>"; };
		B1209CCE86678AE4DD9144C4 /* Pods-CarrotLoginClone.release.xcconfig */ = {isa = PBXFileReference; includeInIndex = 1; lastKnownFileType = text.xcconfig; name = "Pods-CarrotLoginClone.release.xcconfig"; path = "Target Support Files/Pods-CarrotLoginClone/Pods-CarrotLoginClone.release.xcconfig"; sourceTree = "<group>"; };
		B3E4A0F16308F44B1DF9986C /* Pods_CarrotLoginClone.framework */ = {isa = PBXFileReference; explicitFileType = wrapper.framework; includeInIndex = 0; path = Pods_CarrotLoginClone.framework; sourceTree = BUILT_PRODUCTS_DIR; };
		DD392E052DC23D9C0023EBA0 /* CarrotLoginClone.app */ = {isa = PBXFileReference; explicitFileType = wrapper.application; includeInIndex = 0; path = CarrotLoginClone.app; sourceTree = BUILT_PRODUCTS_DIR; };
		DD392E1B2DC23D9D0023EBA0 /* CarrotLoginCloneTests.xctest */ = {isa = PBXFileReference; explicitFileType = wrapper.cfbundle; includeInIndex = 0; path = CarrotLoginCloneTests.xctest; sourceTree = BUILT_PRODUCTS_DIR; };
		DD392E252DC23D9E0023EBA0 /* CarrotLoginCloneUITests.xctest */ = {isa = PBXFileReference; explicitFileType = wrapper.cfbundle; includeInIndex = 0; path = CarrotLoginCloneUITests.xctest; sourceTree = BUILT_PRODUCTS_DIR; };
		EA9AB1E88CDFF34C05EEA5EE /* Pods_CarrotLoginClone_CarrotLoginCloneUITests.framework */ = {isa = PBXFileReference; explicitFileType = wrapper.framework; includeInIndex = 0; path = Pods_CarrotLoginClone_CarrotLoginCloneUITests.framework; sourceTree = BUILT_PRODUCTS_DIR; };
		EFF86B794DAA8939FDF942E6 /* Pods-CarrotLoginClone-CarrotLoginCloneUITests.debug.xcconfig */ = {isa = PBXFileReference; includeInIndex = 1; lastKnownFileType = text.xcconfig; name = "Pods-CarrotLoginClone-CarrotLoginCloneUITests.debug.xcconfig"; path = "Target Support Files/Pods-CarrotLoginClone-CarrotLoginCloneUITests/Pods-CarrotLoginClone-CarrotLoginCloneUITests.debug.xcconfig"; sourceTree = "<group>"; };
/* End PBXFileReference section */

/* Begin PBXFileSystemSynchronizedBuildFileExceptionSet section */
		DD392E2D2DC23D9E0023EBA0 /* Exceptions for "CarrotLoginClone" folder in "CarrotLoginClone" target */ = {
			isa = PBXFileSystemSynchronizedBuildFileExceptionSet;
			membershipExceptions = (
				Info.plist,
			);
			target = DD392E042DC23D9B0023EBA0 /* CarrotLoginClone */;
		};
/* End PBXFileSystemSynchronizedBuildFileExceptionSet section */

/* Begin PBXFileSystemSynchronizedRootGroup section */
		DD392E072DC23D9C0023EBA0 /* CarrotLoginClone */ = {
			isa = PBXFileSystemSynchronizedRootGroup;
			exceptions = (
				DD392E2D2DC23D9E0023EBA0 /* Exceptions for "CarrotLoginClone" folder in "CarrotLoginClone" target */,
			);
			path = CarrotLoginClone;
			sourceTree = "<group>";
		};
		DD392E1E2DC23D9D0023EBA0 /* CarrotLoginCloneTests */ = {
			isa = PBXFileSystemSynchronizedRootGroup;
			path = CarrotLoginCloneTests;
			sourceTree = "<group>";
		};
		DD392E282DC23D9E0023EBA0 /* CarrotLoginCloneUITests */ = {
			isa = PBXFileSystemSynchronizedRootGroup;
			path = CarrotLoginCloneUITests;
			sourceTree = "<group>";
		};
/* End PBXFileSystemSynchronizedRootGroup section */

/* Begin PBXFrameworksBuildPhase section */
		DD392E022DC23D9B0023EBA0 /* Frameworks */ = {
			isa = PBXFrameworksBuildPhase;
			buildActionMask = 2147483647;
			files = (
				295159763E2111B0655B5E5B /* Pods_CarrotLoginClone.framework in Frameworks */,
			);
			runOnlyForDeploymentPostprocessing = 0;
		};
		DD392E182DC23D9D0023EBA0 /* Frameworks */ = {
			isa = PBXFrameworksBuildPhase;
			buildActionMask = 2147483647;
			files = (
				782BB8A3B1ABDBB795C20432 /* Pods_CarrotLoginCloneTests.framework in Frameworks */,
			);
			runOnlyForDeploymentPostprocessing = 0;
		};
		DD392E222DC23D9E0023EBA0 /* Frameworks */ = {
			isa = PBXFrameworksBuildPhase;
			buildActionMask = 2147483647;
			files = (
				373BD1B2829716E98EA9BF38 /* Pods_CarrotLoginClone_CarrotLoginCloneUITests.framework in Frameworks */,
			);
			runOnlyForDeploymentPostprocessing = 0;
		};
/* End PBXFrameworksBuildPhase section */

/* Begin PBXGroup section */
		6AF50D7637A7002192AE7316 /* Frameworks */ = {
			isa = PBXGroup;
			children = (
				B3E4A0F16308F44B1DF9986C /* Pods_CarrotLoginClone.framework */,
				EA9AB1E88CDFF34C05EEA5EE /* Pods_CarrotLoginClone_CarrotLoginCloneUITests.framework */,
				03B0AD73FF74BB44B92BF079 /* Pods_CarrotLoginCloneTests.framework */,
			);
			name = Frameworks;
			sourceTree = "<group>";
		};
		9F224617742DF804268E1955 /* Pods */ = {
			isa = PBXGroup;
			children = (
				139067AA1A6796930C9C28BB /* Pods-CarrotLoginClone.debug.xcconfig */,
				B1209CCE86678AE4DD9144C4 /* Pods-CarrotLoginClone.release.xcconfig */,
				EFF86B794DAA8939FDF942E6 /* Pods-CarrotLoginClone-CarrotLoginCloneUITests.debug.xcconfig */,
				32868E87F01CD8F0D6B25BE8 /* Pods-CarrotLoginClone-CarrotLoginCloneUITests.release.xcconfig */,
				A5E52F6860BFA359F176D8CB /* Pods-CarrotLoginCloneTests.debug.xcconfig */,
				4C94EA1DB426547F2D111064 /* Pods-CarrotLoginCloneTests.release.xcconfig */,
			);
			path = Pods;
			sourceTree = "<group>";
		};
		DD392DFC2DC23D9B0023EBA0 = {
			isa = PBXGroup;
			children = (
				DD392E072DC23D9C0023EBA0 /* CarrotLoginClone */,
				DD392E1E2DC23D9D0023EBA0 /* CarrotLoginCloneTests */,
				DD392E282DC23D9E0023EBA0 /* CarrotLoginCloneUITests */,
				DD392E062DC23D9C0023EBA0 /* Products */,
				9F224617742DF804268E1955 /* Pods */,
				6AF50D7637A7002192AE7316 /* Frameworks */,
			);
			sourceTree = "<group>";
		};
		DD392E062DC23D9C0023EBA0 /* Products */ = {
			isa = PBXGroup;
			children = (
				DD392E052DC23D9C0023EBA0 /* CarrotLoginClone.app */,
				DD392E1B2DC23D9D0023EBA0 /* CarrotLoginCloneTests.xctest */,
				DD392E252DC23D9E0023EBA0 /* CarrotLoginCloneUITests.xctest */,
			);
			name = Products;
			sourceTree = "<group>";
		};
/* End PBXGroup section */

/* Begin PBXNativeTarget section */
		DD392E042DC23D9B0023EBA0 /* CarrotLoginClone */ = {
			isa = PBXNativeTarget;
			buildConfigurationList = DD392E2E2DC23D9E0023EBA0 /* Build configuration list for PBXNativeTarget "CarrotLoginClone" */;
			buildPhases = (
				214ABDAD5172514DD426931D /* [CP] Check Pods Manifest.lock */,
				DD392E012DC23D9B0023EBA0 /* Sources */,
				DD392E022DC23D9B0023EBA0 /* Frameworks */,
				DD392E032DC23D9B0023EBA0 /* Resources */,
				6539DFFFE5C3DF2B41ED2BD7 /* [CP] Embed Pods Frameworks */,
			);
			buildRules = (
			);
			dependencies = (
			);
			fileSystemSynchronizedGroups = (
				DD392E072DC23D9C0023EBA0 /* CarrotLoginClone */,
			);
			name = CarrotLoginClone;
			productName = CarrotLoginClone;
			productReference = DD392E052DC23D9C0023EBA0 /* CarrotLoginClone.app */;
			productType = "com.apple.product-type.application";
		};
		DD392E1A2DC23D9D0023EBA0 /* CarrotLoginCloneTests */ = {
			isa = PBXNativeTarget;
			buildConfigurationList = DD392E332DC23D9E0023EBA0 /* Build configuration list for PBXNativeTarget "CarrotLoginCloneTests" */;
			buildPhases = (
				78D1A8B8ECF3B13ABE2B1E44 /* [CP] Check Pods Manifest.lock */,
				DD392E172DC23D9D0023EBA0 /* Sources */,
				DD392E182DC23D9D0023EBA0 /* Frameworks */,
				DD392E192DC23D9D0023EBA0 /* Resources */,
			);
			buildRules = (
			);
			dependencies = (
				DD392E1D2DC23D9D0023EBA0 /* PBXTargetDependency */,
			);
			fileSystemSynchronizedGroups = (
				DD392E1E2DC23D9D0023EBA0 /* CarrotLoginCloneTests */,
			);
			name = CarrotLoginCloneTests;
			productName = CarrotLoginCloneTests;
			productReference = DD392E1B2DC23D9D0023EBA0 /* CarrotLoginCloneTests.xctest */;
			productType = "com.apple.product-type.bundle.unit-test";
		};
		DD392E242DC23D9E0023EBA0 /* CarrotLoginCloneUITests */ = {
			isa = PBXNativeTarget;
			buildConfigurationList = DD392E362DC23D9E0023EBA0 /* Build configuration list for PBXNativeTarget "CarrotLoginCloneUITests" */;
			buildPhases = (
				B791884896A55AF3DC31CAC8 /* [CP] Check Pods Manifest.lock */,
				DD392E212DC23D9E0023EBA0 /* Sources */,
				DD392E222DC23D9E0023EBA0 /* Frameworks */,
				DD392E232DC23D9E0023EBA0 /* Resources */,
				FF72428902CE36A1C9053B52 /* [CP] Embed Pods Frameworks */,
			);
			buildRules = (
			);
			dependencies = (
				DD392E272DC23D9E0023EBA0 /* PBXTargetDependency */,
			);
			fileSystemSynchronizedGroups = (
				DD392E282DC23D9E0023EBA0 /* CarrotLoginCloneUITests */,
			);
			name = CarrotLoginCloneUITests;
			productName = CarrotLoginCloneUITests;
			productReference = DD392E252DC23D9E0023EBA0 /* CarrotLoginCloneUITests.xctest */;
			productType = "com.apple.product-type.bundle.ui-testing";
		};
/* End PBXNativeTarget section */

/* Begin PBXProject section */
		DD392DFD2DC23D9B0023EBA0 /* Project object */ = {
			isa = PBXProject;
			attributes = {
				BuildIndependentTargetsInParallel = 1;
				LastSwiftUpdateCheck = 1630;
				LastUpgradeCheck = 1630;
				TargetAttributes = {
					DD392E042DC23D9B0023EBA0 = {
						CreatedOnToolsVersion = 16.3;
					};
					DD392E1A2DC23D9D0023EBA0 = {
						CreatedOnToolsVersion = 16.3;
						TestTargetID = DD392E042DC23D9B0023EBA0;
					};
					DD392E242DC23D9E0023EBA0 = {
						CreatedOnToolsVersion = 16.3;
						TestTargetID = DD392E042DC23D9B0023EBA0;
					};
				};
			};
			buildConfigurationList = DD392E002DC23D9B0023EBA0 /* Build configuration list for PBXProject "CarrotLoginClone" */;
			developmentRegion = en;
			hasScannedForEncodings = 0;
			knownRegions = (
				en,
				Base,
			);
			mainGroup = DD392DFC2DC23D9B0023EBA0;
			minimizedProjectReferenceProxies = 1;
			preferredProjectObjectVersion = 77;
			productRefGroup = DD392E062DC23D9C0023EBA0 /* Products */;
			projectDirPath = "";
			projectRoot = "";
			targets = (
				DD392E042DC23D9B0023EBA0 /* CarrotLoginClone */,
				DD392E1A2DC23D9D0023EBA0 /* CarrotLoginCloneTests */,
				DD392E242DC23D9E0023EBA0 /* CarrotLoginCloneUITests */,
			);
		};
/* End PBXProject section */

/* Begin PBXResourcesBuildPhase section */
		DD392E032DC23D9B0023EBA0 /* Resources */ = {
			isa = PBXResourcesBuildPhase;
			buildActionMask = 2147483647;
			files = (
			);
			runOnlyForDeploymentPostprocessing = 0;
		};
		DD392E192DC23D9D0023EBA0 /* Resources */ = {
			isa = PBXResourcesBuildPhase;
			buildActionMask = 2147483647;
			files = (
			);
			runOnlyForDeploymentPostprocessing = 0;
		};
		DD392E232DC23D9E0023EBA0 /* Resources */ = {
			isa = PBXResourcesBuildPhase;
			buildActionMask = 2147483647;
			files = (
			);
			runOnlyForDeploymentPostprocessing = 0;
		};
/* End PBXResourcesBuildPhase section */

/* Begin PBXShellScriptBuildPhase section */
		214ABDAD5172514DD426931D /* [CP] Check Pods Manifest.lock */ = {
			isa = PBXShellScriptBuildPhase;
			buildActionMask = 2147483647;
			files = (
			);
			inputFileListPaths = (
			);
			inputPaths = (
				"${PODS_PODFILE_DIR_PATH}/Podfile.lock",
				"${PODS_ROOT}/Manifest.lock",
			);
			name = "[CP] Check Pods Manifest.lock";
			outputFileListPaths = (
			);
			outputPaths = (
				"$(DERIVED_FILE_DIR)/Pods-CarrotLoginClone-checkManifestLockResult.txt",
			);
			runOnlyForDeploymentPostprocessing = 0;
			shellPath = /bin/sh;
			shellScript = "diff \"${PODS_PODFILE_DIR_PATH}/Podfile.lock\" \"${PODS_ROOT}/Manifest.lock\" > /dev/null\nif [ $? != 0 ] ; then\n    # print error to STDERR\n    echo \"error: The sandbox is not in sync with the Podfile.lock. Run 'pod install' or update your CocoaPods installation.\" >&2\n    exit 1\nfi\n# This output is used by Xcode 'outputs' to avoid re-running this script phase.\necho \"SUCCESS\" > \"${SCRIPT_OUTPUT_FILE_0}\"\n";
			showEnvVarsInLog = 0;
		};
		6539DFFFE5C3DF2B41ED2BD7 /* [CP] Embed Pods Frameworks */ = {
			isa = PBXShellScriptBuildPhase;
			buildActionMask = 2147483647;
			files = (
			);
			inputFileListPaths = (
				"${PODS_ROOT}/Target Support Files/Pods-CarrotLoginClone/Pods-CarrotLoginClone-frameworks-${CONFIGURATION}-input-files.xcfilelist",
			);
			inputPaths = (
			);
			name = "[CP] Embed Pods Frameworks";
			outputFileListPaths = (
				"${PODS_ROOT}/Target Support Files/Pods-CarrotLoginClone/Pods-CarrotLoginClone-frameworks-${CONFIGURATION}-output-files.xcfilelist",
			);
			outputPaths = (
			);
			runOnlyForDeploymentPostprocessing = 0;
			shellPath = /bin/sh;
			shellScript = "\"${PODS_ROOT}/Target Support Files/Pods-CarrotLoginClone/Pods-CarrotLoginClone-frameworks.sh\"\n";
			showEnvVarsInLog = 0;
		};
		78D1A8B8ECF3B13ABE2B1E44 /* [CP] Check Pods Manifest.lock */ = {
			isa = PBXShellScriptBuildPhase;
			buildActionMask = 2147483647;
			files = (
			);
			inputFileListPaths = (
			);
			inputPaths = (
				"${PODS_PODFILE_DIR_PATH}/Podfile.lock",
				"${PODS_ROOT}/Manifest.lock",
			);
			name = "[CP] Check Pods Manifest.lock";
			outputFileListPaths = (
			);
			outputPaths = (
				"$(DERIVED_FILE_DIR)/Pods-CarrotLoginCloneTests-checkManifestLockResult.txt",
			);
			runOnlyForDeploymentPostprocessing = 0;
			shellPath = /bin/sh;
			shellScript = "diff \"${PODS_PODFILE_DIR_PATH}/Podfile.lock\" \"${PODS_ROOT}/Manifest.lock\" > /dev/null\nif [ $? != 0 ] ; then\n    # print error to STDERR\n    echo \"error: The sandbox is not in sync with the Podfile.lock. Run 'pod install' or update your CocoaPods installation.\" >&2\n    exit 1\nfi\n# This output is used by Xcode 'outputs' to avoid re-running this script phase.\necho \"SUCCESS\" > \"${SCRIPT_OUTPUT_FILE_0}\"\n";
			showEnvVarsInLog = 0;
		};
		B791884896A55AF3DC31CAC8 /* [CP] Check Pods Manifest.lock */ = {
			isa = PBXShellScriptBuildPhase;
			buildActionMask = 2147483647;
			files = (
			);
			inputFileListPaths = (
			);
			inputPaths = (
				"${PODS_PODFILE_DIR_PATH}/Podfile.lock",
				"${PODS_ROOT}/Manifest.lock",
			);
			name = "[CP] Check Pods Manifest.lock";
			outputFileListPaths = (
			);
			outputPaths = (
				"$(DERIVED_FILE_DIR)/Pods-CarrotLoginClone-CarrotLoginCloneUITests-checkManifestLockResult.txt",
			);
			runOnlyForDeploymentPostprocessing = 0;
			shellPath = /bin/sh;
			shellScript = "diff \"${PODS_PODFILE_DIR_PATH}/Podfile.lock\" \"${PODS_ROOT}/Manifest.lock\" > /dev/null\nif [ $? != 0 ] ; then\n    # print error to STDERR\n    echo \"error: The sandbox is not in sync with the Podfile.lock. Run 'pod install' or update your CocoaPods installation.\" >&2\n    exit 1\nfi\n# This output is used by Xcode 'outputs' to avoid re-running this script phase.\necho \"SUCCESS\" > \"${SCRIPT_OUTPUT_FILE_0}\"\n";
			showEnvVarsInLog = 0;
		};
		FF72428902CE36A1C9053B52 /* [CP] Embed Pods Frameworks */ = {
			isa = PBXShellScriptBuildPhase;
			buildActionMask = 2147483647;
			files = (
			);
			inputFileListPaths = (
				"${PODS_ROOT}/Target Support Files/Pods-CarrotLoginClone-CarrotLoginCloneUITests/Pods-CarrotLoginClone-CarrotLoginCloneUITests-frameworks-${CONFIGURATION}-input-files.xcfilelist",
			);
			inputPaths = (
			);
			name = "[CP] Embed Pods Frameworks";
			outputFileListPaths = (
				"${PODS_ROOT}/Target Support Files/Pods-CarrotLoginClone-CarrotLoginCloneUITests/Pods-CarrotLoginClone-CarrotLoginCloneUITests-frameworks-${CONFIGURATION}-output-files.xcfilelist",
			);
			outputPaths = (
			);
			runOnlyForDeploymentPostprocessing = 0;
			shellPath = /bin/sh;
			shellScript = "\"${PODS_ROOT}/Target Support Files/Pods-CarrotLoginClone-CarrotLoginCloneUITests/Pods-CarrotLoginClone-CarrotLoginCloneUITests-frameworks.sh\"\n";
			showEnvVarsInLog = 0;
		};
/* End PBXShellScriptBuildPhase section */

/* Begin PBXSourcesBuildPhase section */
		DD392E012DC23D9B0023EBA0 /* Sources */ = {
			isa = PBXSourcesBuildPhase;
			buildActionMask = 2147483647;
			files = (
			);
			runOnlyForDeploymentPostprocessing = 0;
		};
		DD392E172DC23D9D0023EBA0 /* Sources */ = {
			isa = PBXSourcesBuildPhase;
			buildActionMask = 2147483647;
			files = (
			);
			runOnlyForDeploymentPostprocessing = 0;
		};
		DD392E212DC23D9E0023EBA0 /* Sources */ = {
			isa = PBXSourcesBuildPhase;
			buildActionMask = 2147483647;
			files = (
			);
			runOnlyForDeploymentPostprocessing = 0;
		};
/* End PBXSourcesBuildPhase section */

/* Begin PBXTargetDependency section */
		DD392E1D2DC23D9D0023EBA0 /* PBXTargetDependency */ = {
			isa = PBXTargetDependency;
			target = DD392E042DC23D9B0023EBA0 /* CarrotLoginClone */;
			targetProxy = DD392E1C2DC23D9D0023EBA0 /* PBXContainerItemProxy */;
		};
		DD392E272DC23D9E0023EBA0 /* PBXTargetDependency */ = {
			isa = PBXTargetDependency;
			target = DD392E042DC23D9B0023EBA0 /* CarrotLoginClone */;
			targetProxy = DD392E262DC23D9E0023EBA0 /* PBXContainerItemProxy */;
		};
/* End PBXTargetDependency section */

/* Begin XCBuildConfiguration section */
		DD392E2F2DC23D9E0023EBA0 /* Debug */ = {
			isa = XCBuildConfiguration;
			baseConfigurationReference = 139067AA1A6796930C9C28BB /* Pods-CarrotLoginClone.debug.xcconfig */;
			buildSettings = {
				ASSETCATALOG_COMPILER_APPICON_NAME = AppIcon;
				ASSETCATALOG_COMPILER_GLOBAL_ACCENT_COLOR_NAME = AccentColor;
				CODE_SIGN_STYLE = Automatic;
				CURRENT_PROJECT_VERSION = 1;
				GENERATE_INFOPLIST_FILE = YES;
				INFOPLIST_FILE = CarrotLoginClone/Info.plist;
				INFOPLIST_KEY_UIApplicationSupportsIndirectInputEvents = YES;
				INFOPLIST_KEY_UILaunchStoryboardName = LaunchScreen;
				INFOPLIST_KEY_UISupportedInterfaceOrientations_iPad = "UIInterfaceOrientationPortrait UIInterfaceOrientationPortraitUpsideDown UIInterfaceOrientationLandscapeLeft UIInterfaceOrientationLandscapeRight";
				INFOPLIST_KEY_UISupportedInterfaceOrientations_iPhone = "UIInterfaceOrientationPortrait UIInterfaceOrientationLandscapeLeft UIInterfaceOrientationLandscapeRight";
				LD_RUNPATH_SEARCH_PATHS = (
					"$(inherited)",
					"@executable_path/Frameworks",
				);
				MARKETING_VERSION = 1.0;
				PRODUCT_BUNDLE_IDENTIFIER = unknown.CarrotLoginClone;
				PRODUCT_NAME = "$(TARGET_NAME)";
				SWIFT_EMIT_LOC_STRINGS = YES;
				SWIFT_VERSION = 5.0;
				TARGETED_DEVICE_FAMILY = "1,2";
			};
			name = Debug;
		};
		DD392E302DC23D9E0023EBA0 /* Release */ = {
			isa = XCBuildConfiguration;
			baseConfigurationReference = B1209CCE86678AE4DD9144C4 /* Pods-CarrotLoginClone.release.xcconfig */;
			buildSettings = {
				ASSETCATALOG_COMPILER_APPICON_NAME = AppIcon;
				ASSETCATALOG_COMPILER_GLOBAL_ACCENT_COLOR_NAME = AccentColor;
				CODE_SIGN_STYLE = Automatic;
				CURRENT_PROJECT_VERSION = 1;
				GENERATE_INFOPLIST_FILE = YES;
				INFOPLIST_FILE = CarrotLoginClone/Info.plist;
				INFOPLIST_KEY_UIApplicationSupportsIndirectInputEvents = YES;
				INFOPLIST_KEY_UILaunchStoryboardName = LaunchScreen;
				INFOPLIST_KEY_UISupportedInterfaceOrientations_iPad = "UIInterfaceOrientationPortrait UIInterfaceOrientationPortraitUpsideDown UIInterfaceOrientationLandscapeLeft UIInterfaceOrientationLandscapeRight";
				INFOPLIST_KEY_UISupportedInterfaceOrientations_iPhone = "UIInterfaceOrientationPortrait UIInterfaceOrientationLandscapeLeft UIInterfaceOrientationLandscapeRight";
				LD_RUNPATH_SEARCH_PATHS = (
					"$(inherited)",
					"@executable_path/Frameworks",
				);
				MARKETING_VERSION = 1.0;
				PRODUCT_BUNDLE_IDENTIFIER = unknown.CarrotLoginClone;
				PRODUCT_NAME = "$(TARGET_NAME)";
				SWIFT_EMIT_LOC_STRINGS = YES;
				SWIFT_VERSION = 5.0;
				TARGETED_DEVICE_FAMILY = "1,2";
			};
			name = Release;
		};
		DD392E312DC23D9E0023EBA0 /* Debug */ = {
			isa = XCBuildConfiguration;
			buildSettings = {
				ALWAYS_SEARCH_USER_PATHS = NO;
				ASSETCATALOG_COMPILER_GENERATE_SWIFT_ASSET_SYMBOL_EXTENSIONS = YES;
				CLANG_ANALYZER_NONNULL = YES;
				CLANG_ANALYZER_NUMBER_OBJECT_CONVERSION = YES_AGGRESSIVE;
				CLANG_CXX_LANGUAGE_STANDARD = "gnu++20";
				CLANG_ENABLE_MODULES = YES;
				CLANG_ENABLE_OBJC_ARC = YES;
				CLANG_ENABLE_OBJC_WEAK = YES;
				CLANG_WARN_BLOCK_CAPTURE_AUTORELEASING = YES;
				CLANG_WARN_BOOL_CONVERSION = YES;
				CLANG_WARN_COMMA = YES;
				CLANG_WARN_CONSTANT_CONVERSION = YES;
				CLANG_WARN_DEPRECATED_OBJC_IMPLEMENTATIONS = YES;
				CLANG_WARN_DIRECT_OBJC_ISA_USAGE = YES_ERROR;
				CLANG_WARN_DOCUMENTATION_COMMENTS = YES;
				CLANG_WARN_EMPTY_BODY = YES;
				CLANG_WARN_ENUM_CONVERSION = YES;
				CLANG_WARN_INFINITE_RECURSION = YES;
				CLANG_WARN_INT_CONVERSION = YES;
				CLANG_WARN_NON_LITERAL_NULL_CONVERSION = YES;
				CLANG_WARN_OBJC_IMPLICIT_RETAIN_SELF = YES;
				CLANG_WARN_OBJC_LITERAL_CONVERSION = YES;
				CLANG_WARN_OBJC_ROOT_CLASS = YES_ERROR;
				CLANG_WARN_QUOTED_INCLUDE_IN_FRAMEWORK_HEADER = YES;
				CLANG_WARN_RANGE_LOOP_ANALYSIS = YES;
				CLANG_WARN_STRICT_PROTOTYPES = YES;
				CLANG_WARN_SUSPICIOUS_MOVE = YES;
				CLANG_WARN_UNGUARDED_AVAILABILITY = YES_AGGRESSIVE;
				CLANG_WARN_UNREACHABLE_CODE = YES;
				CLANG_WARN__DUPLICATE_METHOD_MATCH = YES;
				COPY_PHASE_STRIP = NO;
				DEBUG_INFORMATION_FORMAT = dwarf;
				ENABLE_STRICT_OBJC_MSGSEND = YES;
				ENABLE_TESTABILITY = YES;
				ENABLE_USER_SCRIPT_SANDBOXING = NO;
				GCC_C_LANGUAGE_STANDARD = gnu17;
				GCC_DYNAMIC_NO_PIC = NO;
				GCC_NO_COMMON_BLOCKS = YES;
				GCC_OPTIMIZATION_LEVEL = 0;
				GCC_PREPROCESSOR_DEFINITIONS = (
					"DEBUG=1",
					"$(inherited)",
				);
				GCC_WARN_64_TO_32_BIT_CONVERSION = YES;
				GCC_WARN_ABOUT_RETURN_TYPE = YES_ERROR;
				GCC_WARN_UNDECLARED_SELECTOR = YES;
				GCC_WARN_UNINITIALIZED_AUTOS = YES_AGGRESSIVE;
				GCC_WARN_UNUSED_FUNCTION = YES;
				GCC_WARN_UNUSED_VARIABLE = YES;
				IPHONEOS_DEPLOYMENT_TARGET = 18.4;
				LOCALIZATION_PREFERS_STRING_CATALOGS = YES;
				MTL_ENABLE_DEBUG_INFO = INCLUDE_SOURCE;
				MTL_FAST_MATH = YES;
				ONLY_ACTIVE_ARCH = YES;
				SDKROOT = iphoneos;
				SWIFT_ACTIVE_COMPILATION_CONDITIONS = "DEBUG $(inherited)";
				SWIFT_OPTIMIZATION_LEVEL = "-Onone";
			};
			name = Debug;
		};
		DD392E322DC23D9E0023EBA0 /* Release */ = {
			isa = XCBuildConfiguration;
			buildSettings = {
				ALWAYS_SEARCH_USER_PATHS = NO;
				ASSETCATALOG_COMPILER_GENERATE_SWIFT_ASSET_SYMBOL_EXTENSIONS = YES;
				CLANG_ANALYZER_NONNULL = YES;
				CLANG_ANALYZER_NUMBER_OBJECT_CONVERSION = YES_AGGRESSIVE;
				CLANG_CXX_LANGUAGE_STANDARD = "gnu++20";
				CLANG_ENABLE_MODULES = YES;
				CLANG_ENABLE_OBJC_ARC = YES;
				CLANG_ENABLE_OBJC_WEAK = YES;
				CLANG_WARN_BLOCK_CAPTURE_AUTORELEASING = YES;
				CLANG_WARN_BOOL_CONVERSION = YES;
				CLANG_WARN_COMMA = YES;
				CLANG_WARN_CONSTANT_CONVERSION = YES;
				CLANG_WARN_DEPRECATED_OBJC_IMPLEMENTATIONS = YES;
				CLANG_WARN_DIRECT_OBJC_ISA_USAGE = YES_ERROR;
				CLANG_WARN_DOCUMENTATION_COMMENTS = YES;
				CLANG_WARN_EMPTY_BODY = YES;
				CLANG_WARN_ENUM_CONVERSION = YES;
				CLANG_WARN_INFINITE_RECURSION = YES;
				CLANG_WARN_INT_CONVERSION = YES;
				CLANG_WARN_NON_LITERAL_NULL_CONVERSION = YES;
				CLANG_WARN_OBJC_IMPLICIT_RETAIN_SELF = YES;
				CLANG_WARN_OBJC_LITERAL_CONVERSION = YES;
				CLANG_WARN_OBJC_ROOT_CLASS = YES_ERROR;
				CLANG_WARN_QUOTED_INCLUDE_IN_FRAMEWORK_HEADER = YES;
				CLANG_WARN_RANGE_LOOP_ANALYSIS = YES;
				CLANG_WARN_STRICT_PROTOTYPES = YES;
				CLANG_WARN_SUSPICIOUS_MOVE = YES;
				CLANG_WARN_UNGUARDED_AVAILABILITY = YES_AGGRESSIVE;
				CLANG_WARN_UNREACHABLE_CODE = YES;
				CLANG_WARN__DUPLICATE_METHOD_MATCH = YES;
				COPY_PHASE_STRIP = NO;
				DEBUG_INFORMATION_FORMAT = "dwarf-with-dsym";
				ENABLE_NS_ASSERTIONS = NO;
				ENABLE_STRICT_OBJC_MSGSEND = YES;
				ENABLE_USER_SCRIPT_SANDBOXING = NO;
				GCC_C_LANGUAGE_STANDARD = gnu17;
				GCC_NO_COMMON_BLOCKS = YES;
				GCC_WARN_64_TO_32_BIT_CONVERSION = YES;
				GCC_WARN_ABOUT_RETURN_TYPE = YES_ERROR;
				GCC_WARN_UNDECLARED_SELECTOR = YES;
				GCC_WARN_UNINITIALIZED_AUTOS = YES_AGGRESSIVE;
				GCC_WARN_UNUSED_FUNCTION = YES;
				GCC_WARN_UNUSED_VARIABLE = YES;
				IPHONEOS_DEPLOYMENT_TARGET = 18.4;
				LOCALIZATION_PREFERS_STRING_CATALOGS = YES;
				MTL_ENABLE_DEBUG_INFO = NO;
				MTL_FAST_MATH = YES;
				SDKROOT = iphoneos;
				SWIFT_COMPILATION_MODE = wholemodule;
				VALIDATE_PRODUCT = YES;
			};
			name = Release;
		};
		DD392E342DC23D9E0023EBA0 /* Debug */ = {
			isa = XCBuildConfiguration;
			baseConfigurationReference = A5E52F6860BFA359F176D8CB /* Pods-CarrotLoginCloneTests.debug.xcconfig */;
			buildSettings = {
				BUNDLE_LOADER = "$(TEST_HOST)";
				CODE_SIGN_STYLE = Automatic;
				CURRENT_PROJECT_VERSION = 1;
				GENERATE_INFOPLIST_FILE = YES;
				IPHONEOS_DEPLOYMENT_TARGET = 18.4;
				MARKETING_VERSION = 1.0;
				PRODUCT_BUNDLE_IDENTIFIER = unknown.CarrotLoginCloneTests;
				PRODUCT_NAME = "$(TARGET_NAME)";
				SWIFT_EMIT_LOC_STRINGS = NO;
				SWIFT_VERSION = 5.0;
				TARGETED_DEVICE_FAMILY = "1,2";
				TEST_HOST = "$(BUILT_PRODUCTS_DIR)/CarrotLoginClone.app/$(BUNDLE_EXECUTABLE_FOLDER_PATH)/CarrotLoginClone";
			};
			name = Debug;
		};
		DD392E352DC23D9E0023EBA0 /* Release */ = {
			isa = XCBuildConfiguration;
			baseConfigurationReference = 4C94EA1DB426547F2D111064 /* Pods-CarrotLoginCloneTests.release.xcconfig */;
			buildSettings = {
				BUNDLE_LOADER = "$(TEST_HOST)";
				CODE_SIGN_STYLE = Automatic;
				CURRENT_PROJECT_VERSION = 1;
				GENERATE_INFOPLIST_FILE = YES;
				IPHONEOS_DEPLOYMENT_TARGET = 18.4;
				MARKETING_VERSION = 1.0;
				PRODUCT_BUNDLE_IDENTIFIER = unknown.CarrotLoginCloneTests;
				PRODUCT_NAME = "$(TARGET_NAME)";
				SWIFT_EMIT_LOC_STRINGS = NO;
				SWIFT_VERSION = 5.0;
				TARGETED_DEVICE_FAMILY = "1,2";
				TEST_HOST = "$(BUILT_PRODUCTS_DIR)/CarrotLoginClone.app/$(BUNDLE_EXECUTABLE_FOLDER_PATH)/CarrotLoginClone";
			};
			name = Release;
		};
		DD392E372DC23D9E0023EBA0 /* Debug */ = {
			isa = XCBuildConfiguration;
			baseConfigurationReference = EFF86B794DAA8939FDF942E6 /* Pods-CarrotLoginClone-CarrotLoginCloneUITests.debug.xcconfig */;
			buildSettings = {
				CODE_SIGN_STYLE = Automatic;
				CURRENT_PROJECT_VERSION = 1;
				GENERATE_INFOPLIST_FILE = YES;
				MARKETING_VERSION = 1.0;
				PRODUCT_BUNDLE_IDENTIFIER = unknown.CarrotLoginCloneUITests;
				PRODUCT_NAME = "$(TARGET_NAME)";
				SWIFT_EMIT_LOC_STRINGS = NO;
				SWIFT_VERSION = 5.0;
				TARGETED_DEVICE_FAMILY = "1,2";
				TEST_TARGET_NAME = CarrotLoginClone;
			};
			name = Debug;
		};
		DD392E382DC23D9E0023EBA0 /* Release */ = {
			isa = XCBuildConfiguration;
			baseConfigurationReference = 32868E87F01CD8F0D6B25BE8 /* Pods-CarrotLoginClone-CarrotLoginCloneUITests.release.xcconfig */;
			buildSettings = {
				CODE_SIGN_STYLE = Automatic;
				CURRENT_PROJECT_VERSION = 1;
				GENERATE_INFOPLIST_FILE = YES;
				MARKETING_VERSION = 1.0;
				PRODUCT_BUNDLE_IDENTIFIER = unknown.CarrotLoginCloneUITests;
				PRODUCT_NAME = "$(TARGET_NAME)";
				SWIFT_EMIT_LOC_STRINGS = NO;
				SWIFT_VERSION = 5.0;
				TARGETED_DEVICE_FAMILY = "1,2";
				TEST_TARGET_NAME = CarrotLoginClone;
			};
			name = Release;
		};
/* End XCBuildConfiguration section */

/* Begin XCConfigurationList section */
		DD392E002DC23D9B0023EBA0 /* Build configuration list for PBXProject "CarrotLoginClone" */ = {
			isa = XCConfigurationList;
			buildConfigurations = (
				DD392E312DC23D9E0023EBA0 /* Debug */,
				DD392E322DC23D9E0023EBA0 /* Release */,
			);
			defaultConfigurationIsVisible = 0;
			defaultConfigurationName = Release;
		};
		DD392E2E2DC23D9E0023EBA0 /* Build configuration list for PBXNativeTarget "CarrotLoginClone" */ = {
			isa = XCConfigurationList;
			buildConfigurations = (
				DD392E2F2DC23D9E0023EBA0 /* Debug */,
				DD392E302DC23D9E0023EBA0 /* Release */,
			);
			defaultConfigurationIsVisible = 0;
			defaultConfigurationName = Release;
		};
		DD392E332DC23D9E0023EBA0 /* Build configuration list for PBXNativeTarget "CarrotLoginCloneTests" */ = {
			isa = XCConfigurationList;
			buildConfigurations = (
				DD392E342DC23D9E0023EBA0 /* Debug */,
				DD392E352DC23D9E0023EBA0 /* Release */,
			);
			defaultConfigurationIsVisible = 0;
			defaultConfigurationName = Release;
		};
		DD392E362DC23D9E0023EBA0 /* Build configuration list for PBXNativeTarget "CarrotLoginCloneUITests" */ = {
			isa = XCConfigurationList;
			buildConfigurations = (
				DD392E372DC23D9E0023EBA0 /* Debug */,
				DD392E382DC23D9E0023EBA0 /* Release */,
			);
			defaultConfigurationIsVisible = 0;
			defaultConfigurationName = Release;
		};
/* End XCConfigurationList section */
	};
	rootObject = DD392DFD2DC23D9B0023EBA0 /* Project object */;
}
